
Microsoft Visual Studio Solution File, Format Version 12.00
# Visual Studio 15
VisualStudioVersion = 15.0.26730.12
MinimumVisualStudioVersion = 10.0.40219.1
Project("{9A19103F-16F7-4668-BE54-9A1E7A4F7556}") = "Microsoft.AspNetCore.Authentication.QQ", "Microsoft.AspNetCore.Authentication.QQ\Microsoft.AspNetCore.Authentication.QQ.csproj", "{CBAFF739-C969-4D2A-9169-01C428FDC820}"
EndProject
Project("{9A19103F-16F7-4668-BE54-9A1E7A4F7556}") = "Microsoft.AspNetCore.Authentication.Weixin", "Microsoft.AspNetCore.Authentication.Weixin\Microsoft.AspNetCore.Authentication.Weixin.csproj", "{1EE62B0F-1A6C-4EDF-900E-7ED7EE823AC7}"
EndProject
Project("{2150E333-8FDC-42A3-9474-1A3956D46DE8}") = "Solution Items", "Solution Items", "{96867F73-6ACB-44C6-B48B-F7B9EE02E3A3}"
	ProjectSection(SolutionItems) = preProject
		OAuth2.txt = OAuth2.txt
		readme.md = readme.md
	EndProjectSection
EndProject
Project("{9A19103F-16F7-4668-BE54-9A1E7A4F7556}") = "Authentication-Test", "Authentication-Test\Authentication-Test.csproj", "{00156662-4473-4CDB-9C34-4BEB5943DBEE}"
EndProject
Global
	GlobalSection(SolutionConfigurationPlatforms) = preSolution
		Debug|Any CPU = Debug|Any CPU
		Release|Any CPU = Release|Any CPU
	EndGlobalSection
	GlobalSection(ProjectConfigurationPlatforms) = postSolution
		{CBAFF739-C969-4D2A-9169-01C428FDC820}.Debug|Any CPU.ActiveCfg = Debug|Any CPU
		{CBAFF739-C969-4D2A-9169-01C428FDC820}.Debug|Any CPU.Build.0 = Debug|Any CPU
		{CBAFF739-C969-4D2A-9169-01C428FDC820}.Release|Any CPU.ActiveCfg = Release|Any CPU
		{CBAFF739-C969-4D2A-9169-01C428FDC820}.Release|Any CPU.Build.0 = Release|Any CPU
		{1EE62B0F-1A6C-4EDF-900E-7ED7EE823AC7}.Debug|Any CPU.ActiveCfg = Debug|Any CPU
		{1EE62B0F-1A6C-4EDF-900E-7ED7EE823AC7}.Debug|Any CPU.Build.0 = Debug|Any CPU
		{1EE62B0F-1A6C-4EDF-900E-7ED7EE823AC7}.Release|Any CPU.ActiveCfg = Release|Any CPU
		{1EE62B0F-1A6C-4EDF-900E-7ED7EE823AC7}.Release|Any CPU.Build.0 = Release|Any CPU
		{00156662-4473-4CDB-9C34-4BEB5943DBEE}.Debug|Any CPU.ActiveCfg = Debug|Any CPU
		{00156662-4473-4CDB-9C34-4BEB5943DBEE}.Debug|Any CPU.Build.0 = Debug|Any CPU
		{00156662-4473-4CDB-9C34-4BEB5943DBEE}.Release|Any CPU.ActiveCfg = Release|Any CPU
		{00156662-4473-4CDB-9C34-4BEB5943DBEE}.Release|Any CPU.Build.0 = Release|Any CPU
	EndGlobalSection
	GlobalSection(SolutionProperties) = preSolution
		HideSolutionNode = FALSE
	EndGlobalSection
	GlobalSection(ExtensibilityGlobals) = postSolution
		SolutionGuid = {778560FE-0DF3-4C4B-9338-3D5C017C5451}
	EndGlobalSection
EndGlobal
